
Microsoft Visual Studio Solution File, Format Version 12.00
# Visual Studio Version 17
VisualStudioVersion = 17.5.002.0
MinimumVisualStudioVersion = 10.0.40219.1
Project("{9A19103F-16F7-4668-BE54-9A1E7A4F7556}") = "SGE.UI", "SGE.UI.csproj", "{B721C8ED-997A-4BE3-B254-3721AB9DB2DC}"
EndProject
Global
	GlobalSection(SolutionConfigurationPlatforms) = preSolution
		Debug|Any CPU = Debug|Any CPU
		Release|Any CPU = Release|Any CPU
	EndGlobalSection
	GlobalSection(ProjectConfigurationPlatforms) = postSolution
		{B721C8ED-997A-4BE3-B254-3721AB9DB2DC}.Debug|Any CPU.ActiveCfg = Debug|Any CPU
		{B721C8ED-997A-4BE3-B254-3721AB9DB2DC}.Debug|Any CPU.Build.0 = Debug|Any CPU
		{B721C8ED-997A-4BE3-B254-3721AB9DB2DC}.Release|Any CPU.ActiveCfg = Release|Any CPU
		{B721C8ED-997A-4BE3-B254-3721AB9DB2DC}.Release|Any CPU.Build.0 = Release|Any CPU
	EndGlobalSection
	GlobalSection(SolutionProperties) = preSolution
		HideSolutionNode = FALSE
	EndGlobalSection
	GlobalSection(ExtensibilityGlobals) = postSolution
		SolutionGuid = {E28DFF12-3683-40D7-80F2-067959AEA830}
	EndGlobalSection
EndGlobal
